
Microsoft Visual Studio Solution File, Format Version 12.00
# Visual Studio Version 17
VisualStudioVersion = 17.9.34714.143
MinimumVisualStudioVersion = 10.0.40219.1
Project("{8BC9CEB8-8B4A-11D0-8D11-00A0C91BC942}") = "APRS-PasscodeGen", "APRS-PasscodeGen\APRS-PasscodeGen.vcxproj", "{F78C3810-70A2-4ECF-A88B-9460EE07B774}"
EndProject
Global
	GlobalSection(SolutionConfigurationPlatforms) = preSolution
		Debug|x64 = Debug|x64
		Debug|x86 = Debug|x86
		Release|x64 = Release|x64
		Release|x86 = Release|x86
	EndGlobalSection
	GlobalSection(ProjectConfigurationPlatforms) = postSolution
		{F78C3810-70A2-4ECF-A88B-9460EE07B774}.Debug|x64.ActiveCfg = Debug|x64
		{F78C3810-70A2-4ECF-A88B-9460EE07B774}.Debug|x64.Build.0 = Debug|x64
		{F78C3810-70A2-4ECF-A88B-9460EE07B774}.Debug|x86.ActiveCfg = Debug|Win32
		{F78C3810-70A2-4ECF-A88B-9460EE07B774}.Debug|x86.Build.0 = Debug|Win32
		{F78C3810-70A2-4ECF-A88B-9460EE07B774}.Release|x64.ActiveCfg = Release|x64
		{F78C3810-70A2-4ECF-A88B-9460EE07B774}.Release|x64.Build.0 = Release|x64
		{F78C3810-70A2-4ECF-A88B-9460EE07B774}.Release|x86.ActiveCfg = Release|Win32
		{F78C3810-70A2-4ECF-A88B-9460EE07B774}.Release|x86.Build.0 = Release|Win32
	EndGlobalSection
	GlobalSection(SolutionProperties) = preSolution
		HideSolutionNode = FALSE
	EndGlobalSection
	GlobalSection(ExtensibilityGlobals) = postSolution
		SolutionGuid = {00EDF408-D853-4F5F-B1BE-5722A35B1095}
	EndGlobalSection
EndGlobal
